
Microsoft Visual Studio Solution File, Format Version 12.00
# Visual Studio 15
VisualStudioVersion = 15.0.28010.2016
MinimumVisualStudioVersion = 10.0.40219.1
Project("{8BC9CEB8-8B4A-11D0-8D11-00A0C91BC942}") = "ImageBilateralFilter", "ImageBilateralFilter\ImageBilateralFilter.vcxproj", "{B7567430-2865-4FA2-8FD8-F8F8D27D178E}"
EndProject
Project("{8BC9CEB8-8B4A-11D0-8D11-00A0C91BC942}") = "ImageBilateralFilterDll", "ImageBilateralFilterDll\ImageBilateralFilterDll.vcxproj", "{351B6D2C-A13F-4211-A353-1BAF575F270D}"
EndProject
Project("{8BC9CEB8-8B4A-11D0-8D11-00A0C91BC942}") = "ImageBilateralFilterIntel", "ImageBilateralFilterIntel\ImageBilateralFilterIntel.vcxproj", "{A9DD4094-20BA-48A7-9D28-7BA346A1DB20}"
EndProject
Global
	GlobalSection(SolutionConfigurationPlatforms) = preSolution
		Debug|x64 = Debug|x64
		Debug|x86 = Debug|x86
		Release|x64 = Release|x64
		Release|x86 = Release|x86
	EndGlobalSection
	GlobalSection(ProjectConfigurationPlatforms) = postSolution
		{B7567430-2865-4FA2-8FD8-F8F8D27D178E}.Debug|x64.ActiveCfg = Debug|x64
		{B7567430-2865-4FA2-8FD8-F8F8D27D178E}.Debug|x64.Build.0 = Debug|x64
		{B7567430-2865-4FA2-8FD8-F8F8D27D178E}.Debug|x86.ActiveCfg = Debug|x64
		{B7567430-2865-4FA2-8FD8-F8F8D27D178E}.Release|x64.ActiveCfg = Release|x64
		{B7567430-2865-4FA2-8FD8-F8F8D27D178E}.Release|x64.Build.0 = Release|x64
		{B7567430-2865-4FA2-8FD8-F8F8D27D178E}.Release|x86.ActiveCfg = Release|x64
		{351B6D2C-A13F-4211-A353-1BAF575F270D}.Debug|x64.ActiveCfg = Debug|x64
		{351B6D2C-A13F-4211-A353-1BAF575F270D}.Debug|x64.Build.0 = Debug|x64
		{351B6D2C-A13F-4211-A353-1BAF575F270D}.Debug|x86.ActiveCfg = Debug|x64
		{351B6D2C-A13F-4211-A353-1BAF575F270D}.Release|x64.ActiveCfg = Release|x64
		{351B6D2C-A13F-4211-A353-1BAF575F270D}.Release|x64.Build.0 = Release|x64
		{351B6D2C-A13F-4211-A353-1BAF575F270D}.Release|x86.ActiveCfg = Release|x64
		{A9DD4094-20BA-48A7-9D28-7BA346A1DB20}.Debug|x64.ActiveCfg = Debug|x64
		{A9DD4094-20BA-48A7-9D28-7BA346A1DB20}.Debug|x64.Build.0 = Debug|x64
		{A9DD4094-20BA-48A7-9D28-7BA346A1DB20}.Debug|x86.ActiveCfg = Debug|Win32
		{A9DD4094-20BA-48A7-9D28-7BA346A1DB20}.Debug|x86.Build.0 = Debug|Win32
		{A9DD4094-20BA-48A7-9D28-7BA346A1DB20}.Release|x64.ActiveCfg = Release|x64
		{A9DD4094-20BA-48A7-9D28-7BA346A1DB20}.Release|x64.Build.0 = Release|x64
		{A9DD4094-20BA-48A7-9D28-7BA346A1DB20}.Release|x86.ActiveCfg = Release|Win32
		{A9DD4094-20BA-48A7-9D28-7BA346A1DB20}.Release|x86.Build.0 = Release|Win32
	EndGlobalSection
	GlobalSection(SolutionProperties) = preSolution
		HideSolutionNode = FALSE
	EndGlobalSection
	GlobalSection(ExtensibilityGlobals) = postSolution
		SolutionGuid = {3023B1B3-EB57-4269-94F8-C080F36399C6}
	EndGlobalSection
EndGlobal
